
Microsoft Visual Studio Solution File, Format Version 12.00
# Visual Studio 15
VisualStudioVersion = 15.0.27703.2035
MinimumVisualStudioVersion = 10.0.40219.1
Project("{9A19103F-16F7-4668-BE54-9A1E7A4F7556}") = "CakeConsoleApp", "CakeConsoleApp\CakeConsoleApp.csproj", "{F9C9CC14-2CDC-4293-9A51-22AEFAB6D84E}"
EndProject
Project("{2150E333-8FDC-42A3-9474-1A3956D46DE8}") = "Solution Items", "Solution Items", "{C7217CD0-DD01-4E24-A72E-63F4B57D0043}"
	ProjectSection(SolutionItems) = preProject
		build.cake = build.cake
		build.ps1 = build.ps1
		cake.config = cake.config
	EndProjectSection
EndProject
Global
	GlobalSection(SolutionConfigurationPlatforms) = preSolution
		Debug|Any CPU = Debug|Any CPU
		Release|Any CPU = Release|Any CPU
	EndGlobalSection
	GlobalSection(ProjectConfigurationPlatforms) = postSolution
		{F9C9CC14-2CDC-4293-9A51-22AEFAB6D84E}.Debug|Any CPU.ActiveCfg = Debug|Any CPU
		{F9C9CC14-2CDC-4293-9A51-22AEFAB6D84E}.Debug|Any CPU.Build.0 = Debug|Any CPU
		{F9C9CC14-2CDC-4293-9A51-22AEFAB6D84E}.Release|Any CPU.ActiveCfg = Release|Any CPU
		{F9C9CC14-2CDC-4293-9A51-22AEFAB6D84E}.Release|Any CPU.Build.0 = Release|Any CPU
	EndGlobalSection
	GlobalSection(SolutionProperties) = preSolution
		HideSolutionNode = FALSE
	EndGlobalSection
	GlobalSection(ExtensibilityGlobals) = postSolution
		SolutionGuid = {1E3F4DCF-D8A8-49CE-9A19-8C1BE77C700D}
	EndGlobalSection
EndGlobal
